# THIS IS AN AUTOGENERATED FILE. DO NOT EDIT THIS FILE DIRECTLY.
# yarn lockfile v1


react-lazyload@^3.2.0:
  version "3.2.0"
  resolved "https://registry.yarnpkg.com/react-lazyload/-/react-lazyload-3.2.0.tgz#497bd06a6dbd7015e3376e1137a67dc47d2dd021"
  integrity sha512-zJlrG8QyVZz4+xkYZH5v1w3YaP5wEFaYSUWC4CT9UXfK75IfRAIEdnyIUF+dXr3kX2MOtL1lUaZmaQZqrETwgw==
